
Microsoft Visual Studio Solution File, Format Version 12.00
Project("{FAE04EC0-301F-11D3-BF4B-00C04F79EFBC}") = "FizzBuzzKata", "FizzBuzzKata\FizzBuzzKata.csproj", "{653FFB19-E2D4-424B-9CF9-0DEEE9BA0BDE}"
EndProject
Project("{FAE04EC0-301F-11D3-BF4B-00C04F79EFBC}") = "FizzBuzzKata.Tests", "FizzBuzzKata.Tests\FizzBuzzKata.Tests.csproj", "{C16E9CC0-05A9-4A80-BED3-ED085317D965}"
EndProject
Global
	GlobalSection(SolutionConfigurationPlatforms) = preSolution
		Debug|Any CPU = Debug|Any CPU
		Release|Any CPU = Release|Any CPU
	EndGlobalSection
	GlobalSection(ProjectConfigurationPlatforms) = postSolution
		{653FFB19-E2D4-424B-9CF9-0DEEE9BA0BDE}.Debug|Any CPU.ActiveCfg = Debug|Any CPU
		{653FFB19-E2D4-424B-9CF9-0DEEE9BA0BDE}.Debug|Any CPU.Build.0 = Debug|Any CPU
		{653FFB19-E2D4-424B-9CF9-0DEEE9BA0BDE}.Release|Any CPU.ActiveCfg = Release|Any CPU
		{653FFB19-E2D4-424B-9CF9-0DEEE9BA0BDE}.Release|Any CPU.Build.0 = Release|Any CPU
		{C16E9CC0-05A9-4A80-BED3-ED085317D965}.Debug|Any CPU.ActiveCfg = Debug|Any CPU
		{C16E9CC0-05A9-4A80-BED3-ED085317D965}.Debug|Any CPU.Build.0 = Debug|Any CPU
		{C16E9CC0-05A9-4A80-BED3-ED085317D965}.Release|Any CPU.ActiveCfg = Release|Any CPU
		{C16E9CC0-05A9-4A80-BED3-ED085317D965}.Release|Any CPU.Build.0 = Release|Any CPU
	EndGlobalSection
EndGlobal
